// !$*UTF8*$!
{
	archiveVersion = 1;
	classes = {
	};
	objectVersion = 46;
	objects = {

/* Begin PBXBuildFile section */
		F2341D4E1B96CD19007B1098 /* AppDelegate.swift in Sources */ = {isa = PBXBuildFile; fileRef = F2341D4D1B96CD19007B1098 /* AppDelegate.swift */; };
		F2341D501B96CD19007B1098 /* ViewController.swift in Sources */ = {isa = PBXBuildFile; fileRef = F2341D4F1B96CD19007B1098 /* ViewController.swift */; };
		F2341D531B96CD19007B1098 /* Main.storyboard in Resources */ = {isa = PBXBuildFile; fileRef = F2341D511B96CD19007B1098 /* Main.storyboard */; };
		F2341D551B96CD19007B1098 /* Images.xcassets in Resources */ = {isa = PBXBuildFile; fileRef = F2341D541B96CD19007B1098 /* Images.xcassets */; };
		F2341D581B96CD19007B1098 /* LaunchScreen.xib in Resources */ = {isa = PBXBuildFile; fileRef = F2341D561B96CD19007B1098 /* LaunchScreen.xib */; };
		F2341D641B96CD19007B1098 /* ReplicatorAnimationTests.swift in Sources */ = {isa = PBXBuildFile; fileRef = F2341D631B96CD19007B1098 /* ReplicatorAnimationTests.swift */; };
/* End PBXBuildFile section */

/* Begin PBXContainerItemProxy section */
		F2341D5E1B96CD19007B1098 /* PBXContainerItemProxy */ = {
			isa = PBXContainerItemProxy;
			containerPortal = F2341D401B96CD19007B1098 /* Project object */;
			proxyType = 1;
			remoteGlobalIDString = F2341D471B96CD19007B1098;
			remoteInfo = ReplicatorAnimation;
		};
/* End PBXContainerItemProxy section */

/* Begin PBXFileReference section */
		F2341D481B96CD19007B1098 /* ReplicatorAnimation.app */ = {isa = PBXFileReference; explicitFileType = wrapper.application; includeInIndex = 0; path = ReplicatorAnimation.app; sourceTree = BUILT_PRODUCTS_DIR; };
		F2341D4C1B96CD19007B1098 /* Info.plist */ = {isa = PBXFileReference; lastKnownFileType = text.plist.xml; path = Info.plist; sourceTree = "<group>"; };
		F2341D4D1B96CD19007B1098 /* AppDelegate.swift */ = {isa = PBXFileReference; lastKnownFileType = sourcecode.swift; path = AppDelegate.swift; sourceTree = "<group>"; };
		F2341D4F1B96CD19007B1098 /* ViewController.swift */ = {isa = PBXFileReference; lastKnownFileType = sourcecode.swift; path = ViewController.swift; sourceTree = "<group>"; };
		F2341D521B96CD19007B1098 /* Base */ = {isa = PBXFileReference; lastKnownFileType = file.storyboard; name = Base; path = Base.lproj/Main.storyboard; sourceTree = "<group>"; };
		F2341D541B96CD19007B1098 /* Images.xcassets */ = {isa = PBXFileReference; lastKnownFileType = folder.assetcatalog; path = Images.xcassets; sourceTree = "<group>"; };
		F2341D571B96CD19007B1098 /* Base */ = {isa = PBXFileReference; lastKnownFileType = file.xib; name = Base; path = Base.lproj/LaunchScreen.xib; sourceTree = "<group>"; };
		F2341D5D1B96CD19007B1098 /* ReplicatorAnimationTests.xctest */ = {isa = PBXFileReference; explicitFileType = wrapper.cfbundle; includeInIndex = 0; path = ReplicatorAnimationTests.xctest; sourceTree = BUILT_PRODUCTS_DIR; };
		F2341D621B96CD19007B1098 /* Info.plist */ = {isa = PBXFileReference; lastKnownFileType = text.plist.xml; path = Info.plist; sourceTree = "<group>"; };
		F2341D631B96CD19007B1098 /* ReplicatorAnimationTests.swift */ = {isa = PBXFileReference; lastKnownFileType = sourcecode.swift; path = ReplicatorAnimationTests.swift; sourceTree = "<group>"; };
/* End PBXFileReference section */

/* Begin PBXFrameworksBuildPhase section */
		F2341D451B96CD19007B1098 /* Frameworks */ = {
			isa = PBXFrameworksBuildPhase;
			buildActionMask = 2147483647;
			files = (
			);
			runOnlyForDeploymentPostprocessing = 0;
		};
		F2341D5A1B96CD19007B1098 /* Frameworks */ = {
			isa = PBXFrameworksBuildPhase;
			buildActionMask = 2147483647;
			files = (
			);
			runOnlyForDeploymentPostprocessing = 0;
		};
/* End PBXFrameworksBuildPhase section */

/* Begin PBXGroup section */
		F2341D3F1B96CD19007B1098 = {
			isa = PBXGroup;
			children = (
				F2341D4A1B96CD19007B1098 /* ReplicatorAnimation */,
				F2341D601B96CD19007B1098 /* ReplicatorAnimationTests */,
				F2341D491B96CD19007B1098 /* Products */,
			);
			sourceTree = "<group>";
		};
		F2341D491B96CD19007B1098 /* Products */ = {
			isa = PBXGroup;
			children = (
				F2341D481B96CD19007B1098 /* ReplicatorAnimation.app */,
				F2341D5D1B96CD19007B1098 /* ReplicatorAnimationTests.xctest */,
			);
			name = Products;
			sourceTree = "<group>";
		};
		F2341D4A1B96CD19007B1098 /* ReplicatorAnimation */ = {
			isa = PBXGroup;
			children = (
				F2341D4D1B96CD19007B1098 /* AppDelegate.swift */,
				F2341D4F1B96CD19007B1098 /* ViewController.swift */,
				F2341D511B96CD19007B1098 /* Main.storyboard */,
				F2341D541B96CD19007B1098 /* Images.xcassets */,
				F2341D561B96CD19007B1098 /* LaunchScreen.xib */,
				F2341D4B1B96CD19007B1098 /* Supporting Files */,
			);
			path = ReplicatorAnimation;
			sourceTree = "<group>";
		};
		F2341D4B1B96CD19007B1098 /* Supporting Files */ = {
			isa = PBXGroup;
			children = (
				F2341D4C1B96CD19007B1098 /* Info.plist */,
			);
			name = "Supporting Files";
			sourceTree = "<group>";
		};
		F2341D601B96CD19007B1098 /* ReplicatorAnimationTests */ = {
			isa = PBXGroup;
			children = (
				F2341D631B96CD19007B1098 /* ReplicatorAnimationTests.swift */,
				F2341D611B96CD19007B1098 /* Supporting Files */,
			);
			path = ReplicatorAnimationTests;
			sourceTree = "<group>";
		};
		F2341D611B96CD19007B1098 /* Supporting Files */ = {
			isa = PBXGroup;
			children = (
				F2341D621B96CD19007B1098 /* Info.plist */,
			);
			name = "Supporting Files";
			sourceTree = "<group>";
		};
/* End PBXGroup section */

/* Begin PBXNativeTarget section */
		F2341D471B96CD19007B1098 /* ReplicatorAnimation */ = {
			isa = PBXNativeTarget;
			buildConfigurationList = F2341D671B96CD19007B1098 /* Build configuration list for PBXNativeTarget "ReplicatorAnimation" */;
			buildPhases = (
				F2341D441B96CD19007B1098 /* Sources */,
				F2341D451B96CD19007B1098 /* Frameworks */,
				F2341D461B96CD19007B1098 /* Resources */,
			);
			buildRules = (
			);
			dependencies = (
			);
			name = ReplicatorAnimation;
			productName = ReplicatorAnimation;
			productReference = F2341D481B96CD19007B1098 /* ReplicatorAnimation.app */;
			productType = "com.apple.product-type.application";
		};
		F2341D5C1B96CD19007B1098 /* ReplicatorAnimationTests */ = {
			isa = PBXNativeTarget;
			buildConfigurationList = F2341D6A1B96CD19007B1098 /* Build configuration list for PBXNativeTarget "ReplicatorAnimationTests" */;
			buildPhases = (
				F2341D591B96CD19007B1098 /* Sources */,
				F2341D5A1B96CD19007B1098 /* Frameworks */,
				F2341D5B1B96CD19007B1098 /* Resources */,
			);
			buildRules = (
			);
			dependencies = (
				F2341D5F1B96CD19007B1098 /* PBXTargetDependency */,
			);
			name = ReplicatorAnimationTests;
			productName = ReplicatorAnimationTests;
			productReference = F2341D5D1B96CD19007B1098 /* ReplicatorAnimationTests.xctest */;
			productType = "com.apple.product-type.bundle.unit-test";
		};
/* End PBXNativeTarget section */

/* Begin PBXProject section */
		F2341D401B96CD19007B1098 /* Project object */ = {
			isa = PBXProject;
			attributes = {
				LastSwiftMigration = 0720;
				LastSwiftUpdateCheck = 0720;
				LastUpgradeCheck = 0640;
				ORGANIZATIONNAME = Daniel_Li;
				TargetAttributes = {
					F2341D471B96CD19007B1098 = {
						CreatedOnToolsVersion = 6.4;
					};
					F2341D5C1B96CD19007B1098 = {
						CreatedOnToolsVersion = 6.4;
						TestTargetID = F2341D471B96CD19007B1098;
					};
				};
			};
			buildConfigurationList = F2341D431B96CD19007B1098 /* Build configuration list for PBXProject "ReplicatorAnimation" */;
			compatibilityVersion = "Xcode 3.2";
			developmentRegion = English;
			hasScannedForEncodings = 0;
			knownRegions = (
				en,
				Base,
			);
			mainGroup = F2341D3F1B96CD19007B1098;
			productRefGroup = F2341D491B96CD19007B1098 /* Products */;
			projectDirPath = "";
			projectRoot = "";
			targets = (
				F2341D471B96CD19007B1098 /* ReplicatorAnimation */,
				F2341D5C1B96CD19007B1098 /* ReplicatorAnimationTests */,
			);
		};
/* End PBXProject section */

/* Begin PBXResourcesBuildPhase section */
		F2341D461B96CD19007B1098 /* Resources */ = {
			isa = PBXResourcesBuildPhase;
			buildActionMask = 2147483647;
			files = (
				F2341D531B96CD19007B1098 /* Main.storyboard in Resources */,
				F2341D581B96CD19007B1098 /* LaunchScreen.xib in Resources */,
				F2341D551B96CD19007B1098 /* Images.xcassets in Resources */,
			);
			runOnlyForDeploymentPostprocessing = 0;
		};
		F2341D5B1B96CD19007B1098 /* Resources */ = {
			isa = PBXResourcesBuildPhase;
			buildActionMask = 2147483647;
			files = (
			);
			runOnlyForDeploymentPostprocessing = 0;
		};
/* End PBXResourcesBuildPhase section */

/* Begin PBXSourcesBuildPhase section */
		F2341D441B96CD19007B1098 /* Sources */ = {
			isa = PBXSourcesBuildPhase;
			buildActionMask = 2147483647;
			files = (
				F2341D501B96CD19007B1098 /* ViewController.swift in Sources */,
				F2341D4E1B96CD19007B1098 /* AppDelegate.swift in Sources */,
			);
			runOnlyForDeploymentPostprocessing = 0;
		};
		F2341D591B96CD19007B1098 /* Sources */ = {
			isa = PBXSourcesBuildPhase;
			buildActionMask = 2147483647;
			files = (
				F2341D641B96CD19007B1098 /* ReplicatorAnimationTests.swift in Sources */,
			);
			runOnlyForDeploymentPostprocessing = 0;
		};
/* End PBXSourcesBuildPhase section */

/* Begin PBXTargetDependency section */
		F2341D5F1B96CD19007B1098 /* PBXTargetDependency */ = {
			isa = PBXTargetDependency;
			target = F2341D471B96CD19007B1098 /* ReplicatorAnimation */;
			targetProxy = F2341D5E1B96CD19007B1098 /* PBXContainerItemProxy */;
		};
/* End PBXTargetDependency section */

/* Begin PBXVariantGroup section */
		F2341D511B96CD19007B1098 /* Main.storyboard */ = {
			isa = PBXVariantGroup;
			children = (
				F2341D521B96CD19007B1098 /* Base */,
			);
			name = Main.storyboard;
			sourceTree = "<group>";
		};
		F2341D561B96CD19007B1098 /* LaunchScreen.xib */ = {
			isa = PBXVariantGroup;
			children = (
				F2341D571B96CD19007B1098 /* Base */,
			);
			name = LaunchScreen.xib;
			sourceTree = "<group>";
		};
/* End PBXVariantGroup section */

/* Begin XCBuildConfiguration section */
		F2341D651B96CD19007B1098 /* Debug */ = {
			isa = XCBuildConfiguration;
			buildSettings = {
				ALWAYS_SEARCH_USER_PATHS = NO;
				CLANG_CXX_LANGUAGE_STANDARD = "gnu++0x";
				CLANG_CXX_LIBRARY = "libc++";
				CLANG_ENABLE_MODULES = YES;
				CLANG_ENABLE_OBJC_ARC = YES;
				CLANG_WARN_BOOL_CONVERSION = YES;
				CLANG_WARN_CONSTANT_CONVERSION = YES;
				CLANG_WARN_DIRECT_OBJC_ISA_USAGE = YES_ERROR;
				CLANG_WARN_EMPTY_BODY = YES;
				CLANG_WARN_ENUM_CONVERSION = YES;
				CLANG_WARN_INT_CONVERSION = YES;
				CLANG_WARN_OBJC_ROOT_CLASS = YES_ERROR;
				CLANG_WARN_UNREACHABLE_CODE = YES;
				CLANG_WARN__DUPLICATE_METHOD_MATCH = YES;
				"CODE_SIGN_IDENTITY[sdk=iphoneos*]" = "iPhone Developer";
				COPY_PHASE_STRIP = NO;
				DEBUG_INFORMATION_FORMAT = "dwarf-with-dsym";
				ENABLE_STRICT_OBJC_MSGSEND = YES;
				GCC_C_LANGUAGE_STANDARD = gnu99;
				GCC_DYNAMIC_NO_PIC = NO;
				GCC_NO_COMMON_BLOCKS = YES;
				GCC_OPTIMIZATION_LEVEL = 0;
				GCC_PREPROCESSOR_DEFINITIONS = (
					"DEBUG=1",
					"$(inherited)",
				);
				GCC_SYMBOLS_PRIVATE_EXTERN = NO;
				GCC_WARN_64_TO_32_BIT_CONVERSION = YES;
				GCC_WARN_ABOUT_RETURN_TYPE = YES_ERROR;
				GCC_WARN_UNDECLARED_SELECTOR = YES;
				GCC_WARN_UNINITIALIZED_AUTOS = YES_AGGRESSIVE;
				GCC_WARN_UNUSED_FUNCTION = YES;
				GCC_WARN_UNUSED_VARIABLE = YES;
				IPHONEOS_DEPLOYMENT_TARGET = 8.4;
				MTL_ENABLE_DEBUG_INFO = YES;
				ONLY_ACTIVE_ARCH = YES;
				SDKROOT = iphoneos;
				SWIFT_OPTIMIZATION_LEVEL = "-Onone";
			};
			name = Debug;
		};
		F2341D661B96CD19007B1098 /* Release */ = {
			isa = XCBuildConfiguration;
			buildSettings = {
				ALWAYS_SEARCH_USER_PATHS = NO;
				CLANG_CXX_LANGUAGE_STANDARD = "gnu++0x";
				CLANG_CXX_LIBRARY = "libc++";
				CLANG_ENABLE_MODULES = YES;
				CLANG_ENABLE_OBJC_ARC = YES;
				CLANG_WARN_BOOL_CONVERSION = YES;
				CLANG_WARN_CONSTANT_CONVERSION = YES;
				CLANG_WARN_DIRECT_OBJC_ISA_USAGE = YES_ERROR;
				CLANG_WARN_EMPTY_BODY = YES;
				CLANG_WARN_ENUM_CONVERSION = YES;
				CLANG_WARN_INT_CONVERSION = YES;
				CLANG_WARN_OBJC_ROOT_CLASS = YES_ERROR;
				CLANG_WARN_UNREACHABLE_CODE = YES;
				CLANG_WARN__DUPLICATE_METHOD_MATCH = YES;
				"CODE_SIGN_IDENTITY[sdk=iphoneos*]" = "iPhone Developer";
				COPY_PHASE_STRIP = NO;
				DEBUG_INFORMATION_FORMAT = "dwarf-with-dsym";
				ENABLE_NS_ASSERTIONS = NO;
				ENABLE_STRICT_OBJC_MSGSEND = YES;
				GCC_C_LANGUAGE_STANDARD = gnu99;
				GCC_NO_COMMON_BLOCKS = YES;
				GCC_WARN_64_TO_32_BIT_CONVERSION = YES;
				GCC_WARN_ABOUT_RETURN_TYPE = YES_ERROR;
				GCC_WARN_UNDECLARED_SELECTOR = YES;
				GCC_WARN_UNINITIALIZED_AUTOS = YES_AGGRESSIVE;
				GCC_WARN_UNUSED_FUNCTION = YES;
				GCC_WARN_UNUSED_VARIABLE = YES;
				IPHONEOS_DEPLOYMENT_TARGET = 8.4;
				MTL_ENABLE_DEBUG_INFO = NO;
				SDKROOT = iphoneos;
				VALIDATE_PRODUCT = YES;
			};
			name = Release;
		};
		F2341D681B96CD19007B1098 /* Debug */ = {
			isa = XCBuildConfiguration;
			buildSettings = {
				ASSETCATALOG_COMPILER_APPICON_NAME = AppIcon;
				INFOPLIST_FILE = ReplicatorAnimation/Info.plist;
				LD_RUNPATH_SEARCH_PATHS = "$(inherited) @executable_path/Frameworks";
				PRODUCT_NAME = "$(TARGET_NAME)";
			};
			name = Debug;
		};
		F2341D691B96CD19007B1098 /* Release */ = {
			isa = XCBuildConfiguration;
			buildSettings = {
				ASSETCATALOG_COMPILER_APPICON_NAME = AppIcon;
				INFOPLIST_FILE = ReplicatorAnimation/Info.plist;
				LD_RUNPATH_SEARCH_PATHS = "$(inherited) @executable_path/Frameworks";
				PRODUCT_NAME = "$(TARGET_NAME)";
			};
			name = Release;
		};
		F2341D6B1B96CD19007B1098 /* Debug */ = {
			isa = XCBuildConfiguration;
			buildSettings = {
				BUNDLE_LOADER = "$(TEST_HOST)";
				FRAMEWORK_SEARCH_PATHS = (
					"$(SDKROOT)/Developer/Library/Frameworks",
					"$(inherited)",
				);
				GCC_PREPROCESSOR_DEFINITIONS = (
					"DEBUG=1",
					"$(inherited)",
				);
				INFOPLIST_FILE = ReplicatorAnimationTests/Info.plist;
				LD_RUNPATH_SEARCH_PATHS = "$(inherited) @executable_path/Frameworks @loader_path/Frameworks";
				PRODUCT_NAME = "$(TARGET_NAME)";
				TEST_HOST = "$(BUILT_PRODUCTS_DIR)/ReplicatorAnimation.app/ReplicatorAnimation";
			};
			name = Debug;
		};
		F2341D6C1B96CD19007B1098 /* Release */ = {
			isa = XCBuildConfiguration;
			buildSettings = {
				BUNDLE_LOADER = "$(TEST_HOST)";
				FRAMEWORK_SEARCH_PATHS = (
					"$(SDKROOT)/Developer/Library/Frameworks",
					"$(inherited)",
				);
				INFOPLIST_FILE = ReplicatorAnimationTests/Info.plist;
				LD_RUNPATH_SEARCH_PATHS = "$(inherited) @executable_path/Frameworks @loader_path/Frameworks";
				PRODUCT_NAME = "$(TARGET_NAME)";
				TEST_HOST = "$(BUILT_PRODUCTS_DIR)/ReplicatorAnimation.app/ReplicatorAnimation";
			};
			name = Release;
		};
/* End XCBuildConfiguration section */

/* Begin XCConfigurationList section */
		F2341D431B96CD19007B1098 /* Build configuration list for PBXProject "ReplicatorAnimation" */ = {
			isa = XCConfigurationList;
			buildConfigurations = (
				F2341D651B96CD19007B1098 /* Debug */,
				F2341D661B96CD19007B1098 /* Release */,
			);
			defaultConfigurationIsVisible = 0;
			defaultConfigurationName = Release;
		};
		F2341D671B96CD19007B1098 /* Build configuration list for PBXNativeTarget "ReplicatorAnimation" */ = {
			isa = XCConfigurationList;
			buildConfigurations = (
				F2341D681B96CD19007B1098 /* Debug */,
				F2341D691B96CD19007B1098 /* Release */,
			);
			defaultConfigurationIsVisible = 0;
			defaultConfigurationName = Release;
		};
		F2341D6A1B96CD19007B1098 /* Build configuration list for PBXNativeTarget "ReplicatorAnimationTests" */ = {
			isa = XCConfigurationList;
			buildConfigurations = (
				F2341D6B1B96CD19007B1098 /* Debug */,
				F2341D6C1B96CD19007B1098 /* Release */,
			);
			defaultConfigurationIsVisible = 0;
			defaultConfigurationName = Release;
		};
/* End XCConfigurationList section */
	};
	rootObject = F2341D401B96CD19007B1098 /* Project object */;
}
